
Microsoft Visual Studio Solution File, Format Version 12.00
Project("{FAE04EC0-301F-11D3-BF4B-00C04F79EFBC}") = "DnD35EDMTools", "DnD35EDMTools\DnD35EDMTools.csproj", "{DF4F8A30-BFEB-42D1-ACBC-F27CC12745F0}"
EndProject
Project("{FAE04EC0-301F-11D3-BF4B-00C04F79EFBC}") = "DnD35EDMToolsTests", "DnD35EDMToolsTests\DnD35EDMToolsTests.csproj", "{0021FCA0-E972-4C40-B725-D6A7E9A31275}"
EndProject
Global
	GlobalSection(SolutionConfigurationPlatforms) = preSolution
		Debug|Any CPU = Debug|Any CPU
		Release|Any CPU = Release|Any CPU
	EndGlobalSection
	GlobalSection(ProjectConfigurationPlatforms) = postSolution
		{DF4F8A30-BFEB-42D1-ACBC-F27CC12745F0}.Debug|Any CPU.ActiveCfg = Debug|Any CPU
		{DF4F8A30-BFEB-42D1-ACBC-F27CC12745F0}.Debug|Any CPU.Build.0 = Debug|Any CPU
		{DF4F8A30-BFEB-42D1-ACBC-F27CC12745F0}.Release|Any CPU.ActiveCfg = Release|Any CPU
		{DF4F8A30-BFEB-42D1-ACBC-F27CC12745F0}.Release|Any CPU.Build.0 = Release|Any CPU
		{0021FCA0-E972-4C40-B725-D6A7E9A31275}.Debug|Any CPU.ActiveCfg = Debug|Any CPU
		{0021FCA0-E972-4C40-B725-D6A7E9A31275}.Debug|Any CPU.Build.0 = Debug|Any CPU
		{0021FCA0-E972-4C40-B725-D6A7E9A31275}.Release|Any CPU.ActiveCfg = Release|Any CPU
		{0021FCA0-E972-4C40-B725-D6A7E9A31275}.Release|Any CPU.Build.0 = Release|Any CPU
	EndGlobalSection
EndGlobal
